
Microsoft Visual Studio Solution File, Format Version 12.00
# Visual Studio Version 16
VisualStudioVersion = 16.0.30907.101
MinimumVisualStudioVersion = 10.0.40219.1
Project("{FAE04EC0-301F-11D3-BF4B-00C04F79EFBC}") = "QuanLySoTietKiem", "QuanLySoTietKiem\QuanLySoTietKiem.csproj", "{B460B456-D137-402D-87C1-1E52BCD58517}"
EndProject
Global
	GlobalSection(SolutionConfigurationPlatforms) = preSolution
		Debug|Any CPU = Debug|Any CPU
		Release|Any CPU = Release|Any CPU
	EndGlobalSection
	GlobalSection(ProjectConfigurationPlatforms) = postSolution
		{B460B456-D137-402D-87C1-1E52BCD58517}.Debug|Any CPU.ActiveCfg = Debug|Any CPU
		{B460B456-D137-402D-87C1-1E52BCD58517}.Debug|Any CPU.Build.0 = Debug|Any CPU
		{B460B456-D137-402D-87C1-1E52BCD58517}.Release|Any CPU.ActiveCfg = Release|Any CPU
		{B460B456-D137-402D-87C1-1E52BCD58517}.Release|Any CPU.Build.0 = Release|Any CPU
	EndGlobalSection
	GlobalSection(SolutionProperties) = preSolution
		HideSolutionNode = FALSE
	EndGlobalSection
	GlobalSection(ExtensibilityGlobals) = postSolution
		SolutionGuid = {10CEBEC2-9D02-4FB7-A60F-4F2407ACA238}
	EndGlobalSection
EndGlobal
